<?xml version="1.0" encoding="utf-8"?>
<Project ToolsVersion="4.0" xmlns="http://schemas.microsoft.com/developer/msbuild/2003">
  <ItemGroup>
    <Filter Include="Source Files">
      <UniqueIdentifier>{4FC737F1-C7A5-4376-A066-2A32D752A2FF}</UniqueIdentifier>
      <Extensions>cpp;c;cc;cxx;def;odl;idl;hpj;bat;asm;asmx</Extensions>
    </Filter>
    <Filter Include="Header Files">
      <UniqueIdentifier>{93995380-89BD-4b04-88EB-625FBE52EBFB}</UniqueIdentifier>
      <Extensions>h;hpp;hxx;hm;inl;inc;xsd</Extensions>
    </Filter>
    <Filter Include="Resource Files">
      <UniqueIdentifier>{67DA6AB6-F800-4c08-8B7A-83BB121AAD01}</UniqueIdentifier>
      <Extensions>rc;ico;cur;bmp;dlg;rc2;rct;bin;rgs;gif;jpg;jpeg;jpe;resx;tiff;tif;png;wav;mfcribbon-ms</Extensions>
    </Filter>
    <Filter Include="Driver Files">
      <UniqueIdentifier>{8E41214B-6785-4CFE-B992-037D68949A14}</UniqueIdentifier>
      <Extensions>inf;inv;inx;mof;mc;</Extensions>
    </Filter>
    <Filter Include="User Library">
      <UniqueIdentifier>{bb07cbba-47ac-4fd0-9ccb-aeb1b0772ae9}</UniqueIdentifier>
    </Filter>
    <Filter Include="Source Files\mempool">
      <UniqueIdentifier>{e7876410-6558-4103-8c33-e5c0309e4aed}</UniqueIdentifier>
    </Filter>
    <Filter Include="Header Files\mempool">
      <UniqueIdentifier>{57545f80-1222-4299-9160-35ba9ea7a231}</UniqueIdentifier>
    </Filter>
  </ItemGroup>
  <ItemGroup>
    <ClCompile Include="UsingCPP.cpp">
      <Filter>Source Files</Filter>
    </ClCompile>
    <ClCompile Include="DPBitmap.cpp">
      <Filter>Source Files</Filter>
    </ClCompile>
    <ClCompile Include="Utils.cpp">
      <Filter>Source Files</Filter>
    </ClCompile>
    <ClCompile Include="mempool\malloc.c">
      <Filter>Source Files\mempool</Filter>
    </ClCompile>
    <ClCompile Include="mempool\mempool.c">
      <Filter>Source Files\mempool</Filter>
    </ClCompile>
    <ClCompile Include="DiskFilter.cpp">
      <Filter>Source Files</Filter>
    </ClCompile>
    <ClCompile Include="IrpFile.cpp">
      <Filter>Source Files</Filter>
    </ClCompile>
    <ClCompile Include="ThawSpace.cpp">
      <Filter>Source Files</Filter>
    </ClCompile>
    <ClCompile Include="diskfltlib.c">
      <Filter>Source Files</Filter>
    </ClCompile>
    <ClCompile Include="DirectDisk.cpp">
      <Filter>Source Files</Filter>
    </ClCompile>
    <ClCompile Include="RedirectTable.cpp">
      <Filter>Source Files</Filter>
    </ClCompile>
    <ClCompile Include="rbtree.c">
      <Filter>Source Files</Filter>
    </ClCompile>
  </ItemGroup>
  <ItemGroup>
    <ClInclude Include="UsingCPP.hpp">
      <Filter>Header Files</Filter>
    </ClInclude>
    <ClInclude Include="Pch.h">
      <Filter>Header Files</Filter>
    </ClInclude>
    <ClInclude Include="Public.h">
      <Filter>Header Files</Filter>
    </ClInclude>
    <ClInclude Include="DPBitmap.h">
      <Filter>Header Files</Filter>
    </ClInclude>
    <ClInclude Include="mempool\mempool.h">
      <Filter>Header Files\mempool</Filter>
    </ClInclude>
    <ClInclude Include="mempool\malloc.h">
      <Filter>Header Files\mempool</Filter>
    </ClInclude>
    <ClInclude Include="Utils.h">
      <Filter>Header Files</Filter>
    </ClInclude>
    <ClInclude Include="fatlbr.h">
      <Filter>Header Files</Filter>
    </ClInclude>
    <ClInclude Include="resource.h">
      <Filter>Header Files</Filter>
    </ClInclude>
    <ClInclude Include="IrpFile.h">
      <Filter>Header Files</Filter>
    </ClInclude>
    <ClInclude Include="ThawSpace.h">
      <Filter>Header Files</Filter>
    </ClInclude>
    <ClInclude Include="diskfltlib.h">
      <Filter>Header Files</Filter>
    </ClInclude>
    <ClInclude Include="DirectDisk.h">
      <Filter>Header Files</Filter>
    </ClInclude>
    <ClInclude Include="DiskFilter.h">
      <Filter>Header Files</Filter>
    </ClInclude>
    <ClInclude Include="RedirectTable.h">
      <Filter>Header Files</Filter>
    </ClInclude>
    <ClInclude Include="rbtree.h">
      <Filter>Header Files</Filter>
    </ClInclude>
  </ItemGroup>
  <ItemGroup>
    <ResourceCompile Include="DiskFilter.rc">
      <Filter>Resource Files</Filter>
    </ResourceCompile>
  </ItemGroup>
  <ItemGroup>
    <Image Include="res\disk.ico">
      <Filter>Resource Files</Filter>
    </Image>
    <Image Include="res\disk1.ico">
      <Filter>Resource Files</Filter>
    </Image>
    <Image Include="res\disk2.ico">
      <Filter>Resource Files</Filter>
    </Image>
  </ItemGroup>
  <ItemGroup>
    <MessageCompile Include="messages.mc">
      <Filter>Resource Files</Filter>
    </MessageCompile>
  </ItemGroup>
  <ItemGroup>
    <Inf Include="diskflt.inf">
      <Filter>Driver Files</Filter>
    </Inf>
  </ItemGroup>
</Project>